// !$*UTF8*$!
{
	archiveVersion = 1;
	classes = {
	};
	objectVersion = 50;
	objects = {

/* Begin PBXBuildFile section */
		380DE26057BF8463184B5B8A /* Pods_GraphChart.framework in Frameworks */ = {isa = PBXBuildFile; fileRef = 4C59607F699B94FC9489D692 /* Pods_GraphChart.framework */; };
		85BE3DA1247178DD0054E621 /* AppDelegate.swift in Sources */ = {isa = PBXBuildFile; fileRef = 85BE3DA0247178DD0054E621 /* AppDelegate.swift */; };
		85BE3DA3247178DD0054E621 /* SceneDelegate.swift in Sources */ = {isa = PBXBuildFile; fileRef = 85BE3DA2247178DD0054E621 /* SceneDelegate.swift */; };
		85BE3DA5247178DD0054E621 /* ViewController.swift in Sources */ = {isa = PBXBuildFile; fileRef = 85BE3DA4247178DD0054E621 /* ViewController.swift */; };
		85BE3DA8247178DD0054E621 /* Main.storyboard in Resources */ = {isa = PBXBuildFile; fileRef = 85BE3DA6247178DD0054E621 /* Main.storyboard */; };
		85BE3DAA247178DF0054E621 /* Assets.xcassets in Resources */ = {isa = PBXBuildFile; fileRef = 85BE3DA9247178DF0054E621 /* Assets.xcassets */; };
		85BE3DAD247178DF0054E621 /* LaunchScreen.storyboard in Resources */ = {isa = PBXBuildFile; fileRef = 85BE3DAB247178DF0054E621 /* LaunchScreen.storyboard */; };
/* End PBXBuildFile section */

/* Begin PBXFileReference section */
		3CAA70B23D4B8FEB78EE92C2 /* Pods-GraphChart.release.xcconfig */ = {isa = PBXFileReference; includeInIndex = 1; lastKnownFileType = text.xcconfig; name = "Pods-GraphChart.release.xcconfig"; path = "Target Support Files/Pods-GraphChart/Pods-GraphChart.release.xcconfig"; sourceTree = "<group>"; };
		4C59607F699B94FC9489D692 /* Pods_GraphChart.framework */ = {isa = PBXFileReference; explicitFileType = wrapper.framework; includeInIndex = 0; path = Pods_GraphChart.framework; sourceTree = BUILT_PRODUCTS_DIR; };
		85BE3D9D247178DD0054E621 /* GraphChart.app */ = {isa = PBXFileReference; explicitFileType = wrapper.application; includeInIndex = 0; path = GraphChart.app; sourceTree = BUILT_PRODUCTS_DIR; };
		85BE3DA0247178DD0054E621 /* AppDelegate.swift */ = {isa = PBXFileReference; lastKnownFileType = sourcecode.swift; path = AppDelegate.swift; sourceTree = "<group>"; };
		85BE3DA2247178DD0054E621 /* SceneDelegate.swift */ = {isa = PBXFileReference; lastKnownFileType = sourcecode.swift; path = SceneDelegate.swift; sourceTree = "<group>"; };
		85BE3DA4247178DD0054E621 /* ViewController.swift */ = {isa = PBXFileReference; lastKnownFileType = sourcecode.swift; path = ViewController.swift; sourceTree = "<group>"; };
		85BE3DA7247178DD0054E621 /* Base */ = {isa = PBXFileReference; lastKnownFileType = file.storyboard; name = Base; path = Base.lproj/Main.storyboard; sourceTree = "<group>"; };
		85BE3DA9247178DF0054E621 /* Assets.xcassets */ = {isa = PBXFileReference; lastKnownFileType = folder.assetcatalog; path = Assets.xcassets; sourceTree = "<group>"; };
		85BE3DAC247178DF0054E621 /* Base */ = {isa = PBXFileReference; lastKnownFileType = file.storyboard; name = Base; path = Base.lproj/LaunchScreen.storyboard; sourceTree = "<group>"; };
		85BE3DAE247178DF0054E621 /* Info.plist */ = {isa = PBXFileReference; lastKnownFileType = text.plist.xml; path = Info.plist; sourceTree = "<group>"; };
		FA6387714D78D15A1B23CC8C /* Pods-GraphChart.debug.xcconfig */ = {isa = PBXFileReference; includeInIndex = 1; lastKnownFileType = text.xcconfig; name = "Pods-GraphChart.debug.xcconfig"; path = "Target Support Files/Pods-GraphChart/Pods-GraphChart.debug.xcconfig"; sourceTree = "<group>"; };
/* End PBXFileReference section */

/* Begin PBXFrameworksBuildPhase section */
		85BE3D9A247178DD0054E621 /* Frameworks */ = {
			isa = PBXFrameworksBuildPhase;
			buildActionMask = 2147483647;
			files = (
				380DE26057BF8463184B5B8A /* Pods_GraphChart.framework in Frameworks */,
			);
			runOnlyForDeploymentPostprocessing = 0;
		};
/* End PBXFrameworksBuildPhase section */

/* Begin PBXGroup section */
		688700C6DB8A466833FC7455 /* Pods */ = {
			isa = PBXGroup;
			children = (
				FA6387714D78D15A1B23CC8C /* Pods-GraphChart.debug.xcconfig */,
				3CAA70B23D4B8FEB78EE92C2 /* Pods-GraphChart.release.xcconfig */,
			);
			name = Pods;
			path = Pods;
			sourceTree = "<group>";
		};
		69E76C8C98C9E8AA8D5E07CB /* Frameworks */ = {
			isa = PBXGroup;
			children = (
				4C59607F699B94FC9489D692 /* Pods_GraphChart.framework */,
			);
			name = Frameworks;
			sourceTree = "<group>";
		};
		85BE3D94247178DD0054E621 = {
			isa = PBXGroup;
			children = (
				85BE3D9F247178DD0054E621 /* GraphChart */,
				85BE3D9E247178DD0054E621 /* Products */,
				688700C6DB8A466833FC7455 /* Pods */,
				69E76C8C98C9E8AA8D5E07CB /* Frameworks */,
			);
			sourceTree = "<group>";
		};
		85BE3D9E247178DD0054E621 /* Products */ = {
			isa = PBXGroup;
			children = (
				85BE3D9D247178DD0054E621 /* GraphChart.app */,
			);
			name = Products;
			sourceTree = "<group>";
		};
		85BE3D9F247178DD0054E621 /* GraphChart */ = {
			isa = PBXGroup;
			children = (
				85BE3DA0247178DD0054E621 /* AppDelegate.swift */,
				85BE3DA2247178DD0054E621 /* SceneDelegate.swift */,
				85BE3DA4247178DD0054E621 /* ViewController.swift */,
				85BE3DA6247178DD0054E621 /* Main.storyboard */,
				85BE3DA9247178DF0054E621 /* Assets.xcassets */,
				85BE3DAB247178DF0054E621 /* LaunchScreen.storyboard */,
				85BE3DAE247178DF0054E621 /* Info.plist */,
			);
			path = GraphChart;
			sourceTree = "<group>";
		};
/* End PBXGroup section */

/* Begin PBXNativeTarget section */
		85BE3D9C247178DD0054E621 /* GraphChart */ = {
			isa = PBXNativeTarget;
			buildConfigurationList = 85BE3DB1247178DF0054E621 /* Build configuration list for PBXNativeTarget "GraphChart" */;
			buildPhases = (
				C60970CE63FEB88D56C8AEF5 /* [CP] Check Pods Manifest.lock */,
				85BE3D99247178DD0054E621 /* Sources */,
				85BE3D9A247178DD0054E621 /* Frameworks */,
				85BE3D9B247178DD0054E621 /* Resources */,
				09CCE272B72F7C82654223F1 /* [CP] Embed Pods Frameworks */,
			);
			buildRules = (
			);
			dependencies = (
			);
			name = GraphChart;
			productName = GraphChart;
			productReference = 85BE3D9D247178DD0054E621 /* GraphChart.app */;
			productType = "com.apple.product-type.application";
		};
/* End PBXNativeTarget section */

/* Begin PBXProject section */
		85BE3D95247178DD0054E621 /* Project object */ = {
			isa = PBXProject;
			attributes = {
				LastSwiftUpdateCheck = 1130;
				LastUpgradeCheck = 1130;
				ORGANIZATIONNAME = "AL Mustakim";
				TargetAttributes = {
					85BE3D9C247178DD0054E621 = {
						CreatedOnToolsVersion = 11.3.1;
					};
				};
			};
			buildConfigurationList = 85BE3D98247178DD0054E621 /* Build configuration list for PBXProject "GraphChart" */;
			compatibilityVersion = "Xcode 9.3";
			developmentRegion = en;
			hasScannedForEncodings = 0;
			knownRegions = (
				en,
				Base,
			);
			mainGroup = 85BE3D94247178DD0054E621;
			productRefGroup = 85BE3D9E247178DD0054E621 /* Products */;
			projectDirPath = "";
			projectRoot = "";
			targets = (
				85BE3D9C247178DD0054E621 /* GraphChart */,
			);
		};
/* End PBXProject section */

/* Begin PBXResourcesBuildPhase section */
		85BE3D9B247178DD0054E621 /* Resources */ = {
			isa = PBXResourcesBuildPhase;
			buildActionMask = 2147483647;
			files = (
				85BE3DAD247178DF0054E621 /* LaunchScreen.storyboard in Resources */,
				85BE3DAA247178DF0054E621 /* Assets.xcassets in Resources */,
				85BE3DA8247178DD0054E621 /* Main.storyboard in Resources */,
			);
			runOnlyForDeploymentPostprocessing = 0;
		};
/* End PBXResourcesBuildPhase section */

/* Begin PBXShellScriptBuildPhase section */
		09CCE272B72F7C82654223F1 /* [CP] Embed Pods Frameworks */ = {
			isa = PBXShellScriptBuildPhase;
			buildActionMask = 2147483647;
			files = (
			);
			inputFileListPaths = (
				"${PODS_ROOT}/Target Support Files/Pods-GraphChart/Pods-GraphChart-frameworks-${CONFIGURATION}-input-files.xcfilelist",
			);
			name = "[CP] Embed Pods Frameworks";
			outputFileListPaths = (
				"${PODS_ROOT}/Target Support Files/Pods-GraphChart/Pods-GraphChart-frameworks-${CONFIGURATION}-output-files.xcfilelist",
			);
			runOnlyForDeploymentPostprocessing = 0;
			shellPath = /bin/sh;
			shellScript = "\"${PODS_ROOT}/Target Support Files/Pods-GraphChart/Pods-GraphChart-frameworks.sh\"\n";
			showEnvVarsInLog = 0;
		};
		C60970CE63FEB88D56C8AEF5 /* [CP] Check Pods Manifest.lock */ = {
			isa = PBXShellScriptBuildPhase;
			buildActionMask = 2147483647;
			files = (
			);
			inputFileListPaths = (
			);
			inputPaths = (
				"${PODS_PODFILE_DIR_PATH}/Podfile.lock",
				"${PODS_ROOT}/Manifest.lock",
			);
			name = "[CP] Check Pods Manifest.lock";
			outputFileListPaths = (
			);
			outputPaths = (
				"$(DERIVED_FILE_DIR)/Pods-GraphChart-checkManifestLockResult.txt",
			);
			runOnlyForDeploymentPostprocessing = 0;
			shellPath = /bin/sh;
			shellScript = "diff \"${PODS_PODFILE_DIR_PATH}/Podfile.lock\" \"${PODS_ROOT}/Manifest.lock\" > /dev/null\nif [ $? != 0 ] ; then\n    # print error to STDERR\n    echo \"error: The sandbox is not in sync with the Podfile.lock. Run 'pod install' or update your CocoaPods installation.\" >&2\n    exit 1\nfi\n# This output is used by Xcode 'outputs' to avoid re-running this script phase.\necho \"SUCCESS\" > \"${SCRIPT_OUTPUT_FILE_0}\"\n";
			showEnvVarsInLog = 0;
		};
/* End PBXShellScriptBuildPhase section */

/* Begin PBXSourcesBuildPhase section */
		85BE3D99247178DD0054E621 /* Sources */ = {
			isa = PBXSourcesBuildPhase;
			buildActionMask = 2147483647;
			files = (
				85BE3DA5247178DD0054E621 /* ViewController.swift in Sources */,
				85BE3DA1247178DD0054E621 /* AppDelegate.swift in Sources */,
				85BE3DA3247178DD0054E621 /* SceneDelegate.swift in Sources */,
			);
			runOnlyForDeploymentPostprocessing = 0;
		};
/* End PBXSourcesBuildPhase section */

/* Begin PBXVariantGroup section */
		85BE3DA6247178DD0054E621 /* Main.storyboard */ = {
			isa = PBXVariantGroup;
			children = (
				85BE3DA7247178DD0054E621 /* Base */,
			);
			name = Main.storyboard;
			sourceTree = "<group>";
		};
		85BE3DAB247178DF0054E621 /* LaunchScreen.storyboard */ = {
			isa = PBXVariantGroup;
			children = (
				85BE3DAC247178DF0054E621 /* Base */,
			);
			name = LaunchScreen.storyboard;
			sourceTree = "<group>";
		};
/* End PBXVariantGroup section */

/* Begin XCBuildConfiguration section */
		85BE3DAF247178DF0054E621 /* Debug */ = {
			isa = XCBuildConfiguration;
			buildSettings = {
				ALWAYS_SEARCH_USER_PATHS = NO;
				CLANG_ANALYZER_NONNULL = YES;
				CLANG_ANALYZER_NUMBER_OBJECT_CONVERSION = YES_AGGRESSIVE;
				CLANG_CXX_LANGUAGE_STANDARD = "gnu++14";
				CLANG_CXX_LIBRARY = "libc++";
				CLANG_ENABLE_MODULES = YES;
				CLANG_ENABLE_OBJC_ARC = YES;
				CLANG_ENABLE_OBJC_WEAK = YES;
				CLANG_WARN_BLOCK_CAPTURE_AUTORELEASING = YES;
				CLANG_WARN_BOOL_CONVERSION = YES;
				CLANG_WARN_COMMA = YES;
				CLANG_WARN_CONSTANT_CONVERSION = YES;
				CLANG_WARN_DEPRECATED_OBJC_IMPLEMENTATIONS = YES;
				CLANG_WARN_DIRECT_OBJC_ISA_USAGE = YES_ERROR;
				CLANG_WARN_DOCUMENTATION_COMMENTS = YES;
				CLANG_WARN_EMPTY_BODY = YES;
				CLANG_WARN_ENUM_CONVERSION = YES;
				CLANG_WARN_INFINITE_RECURSION = YES;
				CLANG_WARN_INT_CONVERSION = YES;
				CLANG_WARN_NON_LITERAL_NULL_CONVERSION = YES;
				CLANG_WARN_OBJC_IMPLICIT_RETAIN_SELF = YES;
				CLANG_WARN_OBJC_LITERAL_CONVERSION = YES;
				CLANG_WARN_OBJC_ROOT_CLASS = YES_ERROR;
				CLANG_WARN_RANGE_LOOP_ANALYSIS = YES;
				CLANG_WARN_STRICT_PROTOTYPES = YES;
				CLANG_WARN_SUSPICIOUS_MOVE = YES;
				CLANG_WARN_UNGUARDED_AVAILABILITY = YES_AGGRESSIVE;
				CLANG_WARN_UNREACHABLE_CODE = YES;
				CLANG_WARN__DUPLICATE_METHOD_MATCH = YES;
				COPY_PHASE_STRIP = NO;
				DEBUG_INFORMATION_FORMAT = dwarf;
				ENABLE_STRICT_OBJC_MSGSEND = YES;
				ENABLE_TESTABILITY = YES;
				GCC_C_LANGUAGE_STANDARD = gnu11;
				GCC_DYNAMIC_NO_PIC = NO;
				GCC_NO_COMMON_BLOCKS = YES;
				GCC_OPTIMIZATION_LEVEL = 0;
				GCC_PREPROCESSOR_DEFINITIONS = (
					"DEBUG=1",
					"$(inherited)",
				);
				GCC_WARN_64_TO_32_BIT_CONVERSION = YES;
				GCC_WARN_ABOUT_RETURN_TYPE = YES_ERROR;
				GCC_WARN_UNDECLARED_SELECTOR = YES;
				GCC_WARN_UNINITIALIZED_AUTOS = YES_AGGRESSIVE;
				GCC_WARN_UNUSED_FUNCTION = YES;
				GCC_WARN_UNUSED_VARIABLE = YES;
				IPHONEOS_DEPLOYMENT_TARGET = 13.2;
				MTL_ENABLE_DEBUG_INFO = INCLUDE_SOURCE;
				MTL_FAST_MATH = YES;
				ONLY_ACTIVE_ARCH = YES;
				SDKROOT = iphoneos;
				SWIFT_ACTIVE_COMPILATION_CONDITIONS = DEBUG;
				SWIFT_OPTIMIZATION_LEVEL = "-Onone";
			};
			name = Debug;
		};
		85BE3DB0247178DF0054E621 /* Release */ = {
			isa = XCBuildConfiguration;
			buildSettings = {
				ALWAYS_SEARCH_USER_PATHS = NO;
				CLANG_ANALYZER_NONNULL = YES;
				CLANG_ANALYZER_NUMBER_OBJECT_CONVERSION = YES_AGGRESSIVE;
				CLANG_CXX_LANGUAGE_STANDARD = "gnu++14";
				CLANG_CXX_LIBRARY = "libc++";
				CLANG_ENABLE_MODULES = YES;
				CLANG_ENABLE_OBJC_ARC = YES;
				CLANG_ENABLE_OBJC_WEAK = YES;
				CLANG_WARN_BLOCK_CAPTURE_AUTORELEASING = YES;
				CLANG_WARN_BOOL_CONVERSION = YES;
				CLANG_WARN_COMMA = YES;
				CLANG_WARN_CONSTANT_CONVERSION = YES;
				CLANG_WARN_DEPRECATED_OBJC_IMPLEMENTATIONS = YES;
				CLANG_WARN_DIRECT_OBJC_ISA_USAGE = YES_ERROR;
				CLANG_WARN_DOCUMENTATION_COMMENTS = YES;
				CLANG_WARN_EMPTY_BODY = YES;
				CLANG_WARN_ENUM_CONVERSION = YES;
				CLANG_WARN_INFINITE_RECURSION = YES;
				CLANG_WARN_INT_CONVERSION = YES;
				CLANG_WARN_NON_LITERAL_NULL_CONVERSION = YES;
				CLANG_WARN_OBJC_IMPLICIT_RETAIN_SELF = YES;
				CLANG_WARN_OBJC_LITERAL_CONVERSION = YES;
				CLANG_WARN_OBJC_ROOT_CLASS = YES_ERROR;
				CLANG_WARN_RANGE_LOOP_ANALYSIS = YES;
				CLANG_WARN_STRICT_PROTOTYPES = YES;
				CLANG_WARN_SUSPICIOUS_MOVE = YES;
				CLANG_WARN_UNGUARDED_AVAILABILITY = YES_AGGRESSIVE;
				CLANG_WARN_UNREACHABLE_CODE = YES;
				CLANG_WARN__DUPLICATE_METHOD_MATCH = YES;
				COPY_PHASE_STRIP = NO;
				DEBUG_INFORMATION_FORMAT = "dwarf-with-dsym";
				ENABLE_NS_ASSERTIONS = NO;
				ENABLE_STRICT_OBJC_MSGSEND = YES;
				GCC_C_LANGUAGE_STANDARD = gnu11;
				GCC_NO_COMMON_BLOCKS = YES;
				GCC_WARN_64_TO_32_BIT_CONVERSION = YES;
				GCC_WARN_ABOUT_RETURN_TYPE = YES_ERROR;
				GCC_WARN_UNDECLARED_SELECTOR = YES;
				GCC_WARN_UNINITIALIZED_AUTOS = YES_AGGRESSIVE;
				GCC_WARN_UNUSED_FUNCTION = YES;
				GCC_WARN_UNUSED_VARIABLE = YES;
				IPHONEOS_DEPLOYMENT_TARGET = 13.2;
				MTL_ENABLE_DEBUG_INFO = NO;
				MTL_FAST_MATH = YES;
				SDKROOT = iphoneos;
				SWIFT_COMPILATION_MODE = wholemodule;
				SWIFT_OPTIMIZATION_LEVEL = "-O";
				VALIDATE_PRODUCT = YES;
			};
			name = Release;
		};
		85BE3DB2247178DF0054E621 /* Debug */ = {
			isa = XCBuildConfiguration;
			baseConfigurationReference = FA6387714D78D15A1B23CC8C /* Pods-GraphChart.debug.xcconfig */;
			buildSettings = {
				ASSETCATALOG_COMPILER_APPICON_NAME = AppIcon;
				CODE_SIGN_STYLE = Automatic;
				INFOPLIST_FILE = GraphChart/Info.plist;
				LD_RUNPATH_SEARCH_PATHS = (
					"$(inherited)",
					"@executable_path/Frameworks",
				);
				PRODUCT_BUNDLE_IDENTIFIER = com.bmabdullah.GraphChart;
				PRODUCT_NAME = "$(TARGET_NAME)";
				SWIFT_VERSION = 5.0;
				TARGETED_DEVICE_FAMILY = "1,2";
			};
			name = Debug;
		};
		85BE3DB3247178DF0054E621 /* Release */ = {
			isa = XCBuildConfiguration;
			baseConfigurationReference = 3CAA70B23D4B8FEB78EE92C2 /* Pods-GraphChart.release.xcconfig */;
			buildSettings = {
				ASSETCATALOG_COMPILER_APPICON_NAME = AppIcon;
				CODE_SIGN_STYLE = Automatic;
				INFOPLIST_FILE = GraphChart/Info.plist;
				LD_RUNPATH_SEARCH_PATHS = (
					"$(inherited)",
					"@executable_path/Frameworks",
				);
				PRODUCT_BUNDLE_IDENTIFIER = com.bmabdullah.GraphChart;
				PRODUCT_NAME = "$(TARGET_NAME)";
				SWIFT_VERSION = 5.0;
				TARGETED_DEVICE_FAMILY = "1,2";
			};
			name = Release;
		};
/* End XCBuildConfiguration section */

/* Begin XCConfigurationList section */
		85BE3D98247178DD0054E621 /* Build configuration list for PBXProject "GraphChart" */ = {
			isa = XCConfigurationList;
			buildConfigurations = (
				85BE3DAF247178DF0054E621 /* Debug */,
				85BE3DB0247178DF0054E621 /* Release */,
			);
			defaultConfigurationIsVisible = 0;
			defaultConfigurationName = Release;
		};
		85BE3DB1247178DF0054E621 /* Build configuration list for PBXNativeTarget "GraphChart" */ = {
			isa = XCConfigurationList;
			buildConfigurations = (
				85BE3DB2247178DF0054E621 /* Debug */,
				85BE3DB3247178DF0054E621 /* Release */,
			);
			defaultConfigurationIsVisible = 0;
			defaultConfigurationName = Release;
		};
/* End XCConfigurationList section */
	};
	rootObject = 85BE3D95247178DD0054E621 /* Project object */;
}
